
Microsoft Visual Studio Solution File, Format Version 12.00
# Visual Studio Version 16
VisualStudioVersion = 16.0.32510.428
MinimumVisualStudioVersion = 10.0.40219.1
Project("{9A19103F-16F7-4668-BE54-9A1E7A4F7556}") = "BlazorSistemaVentas.Server", "BlazorSistemaVentas\Server\BlazorSistemaVentas.Server.csproj", "{29689F8D-70D3-4634-852A-8DAEE34B1267}"
EndProject
Project("{9A19103F-16F7-4668-BE54-9A1E7A4F7556}") = "BlazorSistemaVentas.Client", "BlazorSistemaVentas\Client\BlazorSistemaVentas.Client.csproj", "{78FBD5CB-704B-4351-9445-1FD222AB1129}"
EndProject
Project("{9A19103F-16F7-4668-BE54-9A1E7A4F7556}") = "BlazorSistemaVentas.Shared", "BlazorSistemaVentas\Shared\BlazorSistemaVentas.Shared.csproj", "{E233F84B-B38E-4C27-AB09-EA063BA410B4}"
EndProject
Project("{9A19103F-16F7-4668-BE54-9A1E7A4F7556}") = "BlazorSistemaVentas.Repositories", "BlazorSistemaVentas-Repositories\BlazorSistemaVentas.Repositories.csproj", "{877B113D-01E4-46C9-8BE1-F49F8CFF1A2F}"
EndProject
Global
	GlobalSection(SolutionConfigurationPlatforms) = preSolution
		Debug|Any CPU = Debug|Any CPU
		Release|Any CPU = Release|Any CPU
	EndGlobalSection
	GlobalSection(ProjectConfigurationPlatforms) = postSolution
		{29689F8D-70D3-4634-852A-8DAEE34B1267}.Debug|Any CPU.ActiveCfg = Debug|Any CPU
		{29689F8D-70D3-4634-852A-8DAEE34B1267}.Debug|Any CPU.Build.0 = Debug|Any CPU
		{29689F8D-70D3-4634-852A-8DAEE34B1267}.Release|Any CPU.ActiveCfg = Release|Any CPU
		{29689F8D-70D3-4634-852A-8DAEE34B1267}.Release|Any CPU.Build.0 = Release|Any CPU
		{78FBD5CB-704B-4351-9445-1FD222AB1129}.Debug|Any CPU.ActiveCfg = Debug|Any CPU
		{78FBD5CB-704B-4351-9445-1FD222AB1129}.Debug|Any CPU.Build.0 = Debug|Any CPU
		{78FBD5CB-704B-4351-9445-1FD222AB1129}.Release|Any CPU.ActiveCfg = Release|Any CPU
		{78FBD5CB-704B-4351-9445-1FD222AB1129}.Release|Any CPU.Build.0 = Release|Any CPU
		{E233F84B-B38E-4C27-AB09-EA063BA410B4}.Debug|Any CPU.ActiveCfg = Debug|Any CPU
		{E233F84B-B38E-4C27-AB09-EA063BA410B4}.Debug|Any CPU.Build.0 = Debug|Any CPU
		{E233F84B-B38E-4C27-AB09-EA063BA410B4}.Release|Any CPU.ActiveCfg = Release|Any CPU
		{E233F84B-B38E-4C27-AB09-EA063BA410B4}.Release|Any CPU.Build.0 = Release|Any CPU
		{877B113D-01E4-46C9-8BE1-F49F8CFF1A2F}.Debug|Any CPU.ActiveCfg = Debug|Any CPU
		{877B113D-01E4-46C9-8BE1-F49F8CFF1A2F}.Debug|Any CPU.Build.0 = Debug|Any CPU
		{877B113D-01E4-46C9-8BE1-F49F8CFF1A2F}.Release|Any CPU.ActiveCfg = Release|Any CPU
		{877B113D-01E4-46C9-8BE1-F49F8CFF1A2F}.Release|Any CPU.Build.0 = Release|Any CPU
	EndGlobalSection
	GlobalSection(SolutionProperties) = preSolution
		HideSolutionNode = FALSE
	EndGlobalSection
	GlobalSection(ExtensibilityGlobals) = postSolution
		SolutionGuid = {D8C0264E-FF70-4AEC-AD1A-3FD1039CCEFD}
	EndGlobalSection
EndGlobal
